
Microsoft Visual Studio Solution File, Format Version 12.00
# Visual Studio Version 17
VisualStudioVersion = 17.2.32630.192
MinimumVisualStudioVersion = 10.0.40219.1
Project("{2150E333-8FDC-42A3-9474-1A3956D46DE8}") = "1 - API", "1 - API", "{BDA180F9-E382-461F-89BC-755FCCBFA069}"
EndProject
Project("{2150E333-8FDC-42A3-9474-1A3956D46DE8}") = "2 - Application", "2 - Application", "{B28E7320-9DBE-4884-8B4D-DC17D187BED2}"
EndProject
Project("{2150E333-8FDC-42A3-9474-1A3956D46DE8}") = "3 - Domain", "3 - Domain", "{236B9065-93F4-448A-8A28-6506670C6D12}"
EndProject
Project("{2150E333-8FDC-42A3-9474-1A3956D46DE8}") = "4 - Infrastructure", "4 - Infrastructure", "{C3AE355B-BF81-45D5-87E4-8A59046FCCA3}"
EndProject
Project("{9A19103F-16F7-4668-BE54-9A1E7A4F7556}") = "Catalog.Domain", "Catalog.Domain\Catalog.Domain.csproj", "{41FF20D9-C7EC-4CD7-B7C6-7323A5495C50}"
EndProject
Project("{9A19103F-16F7-4668-BE54-9A1E7A4F7556}") = "Catalog.Infrastructure", "Catalog.Infrastructure\Catalog.Infrastructure.csproj", "{66748839-416A-4A8D-A759-93FDF56EDF43}"
EndProject
Project("{9A19103F-16F7-4668-BE54-9A1E7A4F7556}") = "Catalog.Application", "Catalog.Application\Catalog.Application.csproj", "{7C3D2D47-1089-45EF-9A1A-D90B105F4CCB}"
EndProject
Project("{FAE04EC0-301F-11D3-BF4B-00C04F79EFBC}") = "Catalog.API", "Catalog.API\Catalog.API.csproj", "{1A4A987C-6BAF-4B63-8683-FA44C6CFA3D0}"
EndProject
Global
	GlobalSection(SolutionConfigurationPlatforms) = preSolution
		Debug|Any CPU = Debug|Any CPU
		Release|Any CPU = Release|Any CPU
	EndGlobalSection
	GlobalSection(ProjectConfigurationPlatforms) = postSolution
		{41FF20D9-C7EC-4CD7-B7C6-7323A5495C50}.Debug|Any CPU.ActiveCfg = Debug|Any CPU
		{41FF20D9-C7EC-4CD7-B7C6-7323A5495C50}.Debug|Any CPU.Build.0 = Debug|Any CPU
		{41FF20D9-C7EC-4CD7-B7C6-7323A5495C50}.Release|Any CPU.ActiveCfg = Release|Any CPU
		{41FF20D9-C7EC-4CD7-B7C6-7323A5495C50}.Release|Any CPU.Build.0 = Release|Any CPU
		{66748839-416A-4A8D-A759-93FDF56EDF43}.Debug|Any CPU.ActiveCfg = Debug|Any CPU
		{66748839-416A-4A8D-A759-93FDF56EDF43}.Debug|Any CPU.Build.0 = Debug|Any CPU
		{66748839-416A-4A8D-A759-93FDF56EDF43}.Release|Any CPU.ActiveCfg = Release|Any CPU
		{66748839-416A-4A8D-A759-93FDF56EDF43}.Release|Any CPU.Build.0 = Release|Any CPU
		{7C3D2D47-1089-45EF-9A1A-D90B105F4CCB}.Debug|Any CPU.ActiveCfg = Debug|Any CPU
		{7C3D2D47-1089-45EF-9A1A-D90B105F4CCB}.Debug|Any CPU.Build.0 = Debug|Any CPU
		{7C3D2D47-1089-45EF-9A1A-D90B105F4CCB}.Release|Any CPU.ActiveCfg = Release|Any CPU
		{7C3D2D47-1089-45EF-9A1A-D90B105F4CCB}.Release|Any CPU.Build.0 = Release|Any CPU
		{1A4A987C-6BAF-4B63-8683-FA44C6CFA3D0}.Debug|Any CPU.ActiveCfg = Debug|Any CPU
		{1A4A987C-6BAF-4B63-8683-FA44C6CFA3D0}.Debug|Any CPU.Build.0 = Debug|Any CPU
		{1A4A987C-6BAF-4B63-8683-FA44C6CFA3D0}.Release|Any CPU.ActiveCfg = Release|Any CPU
		{1A4A987C-6BAF-4B63-8683-FA44C6CFA3D0}.Release|Any CPU.Build.0 = Release|Any CPU
	EndGlobalSection
	GlobalSection(SolutionProperties) = preSolution
		HideSolutionNode = FALSE
	EndGlobalSection
	GlobalSection(NestedProjects) = preSolution
		{41FF20D9-C7EC-4CD7-B7C6-7323A5495C50} = {236B9065-93F4-448A-8A28-6506670C6D12}
		{66748839-416A-4A8D-A759-93FDF56EDF43} = {C3AE355B-BF81-45D5-87E4-8A59046FCCA3}
		{7C3D2D47-1089-45EF-9A1A-D90B105F4CCB} = {B28E7320-9DBE-4884-8B4D-DC17D187BED2}
		{1A4A987C-6BAF-4B63-8683-FA44C6CFA3D0} = {BDA180F9-E382-461F-89BC-755FCCBFA069}
	EndGlobalSection
	GlobalSection(ExtensibilityGlobals) = postSolution
		SolutionGuid = {2F8EF155-1681-4EDD-9495-7EA62BFC7FA5}
	EndGlobalSection
EndGlobal
